
Microsoft Visual Studio Solution File, Format Version 12.00
# Visual Studio 15
VisualStudioVersion = 15.0.28307.1062
MinimumVisualStudioVersion = 10.0.40219.1
Project("{FAE04EC0-301F-11D3-BF4B-00C04F79EFBC}") = "OMFGDOGS", "OMFGDOGS\OMFGDOGS.csproj", "{4B134948-D2D6-47F5-93EC-036FECE3051E}"
EndProject
Global
	GlobalSection(SolutionConfigurationPlatforms) = preSolution
		Debug|Any CPU = Debug|Any CPU
		Release|Any CPU = Release|Any CPU
	EndGlobalSection
	GlobalSection(ProjectConfigurationPlatforms) = postSolution
		{4B134948-D2D6-47F5-93EC-036FECE3051E}.Debug|Any CPU.ActiveCfg = Debug|Any CPU
		{4B134948-D2D6-47F5-93EC-036FECE3051E}.Debug|Any CPU.Build.0 = Debug|Any CPU
		{4B134948-D2D6-47F5-93EC-036FECE3051E}.Release|Any CPU.ActiveCfg = Release|Any CPU
		{4B134948-D2D6-47F5-93EC-036FECE3051E}.Release|Any CPU.Build.0 = Release|Any CPU
	EndGlobalSection
	GlobalSection(SolutionProperties) = preSolution
		HideSolutionNode = FALSE
	EndGlobalSection
	GlobalSection(ExtensibilityGlobals) = postSolution
		SolutionGuid = {DBF9C027-32E9-40B2-B904-BF368B6F4EBD}
	EndGlobalSection
EndGlobal
